// !$*UTF8*$!
{
	archiveVersion = 1;
	classes = {
	};
	objectVersion = 56;
	objects = {

/* Begin PBXBuildFile section */
		17040E682AFE7ED9002238B0 /* Bundle.swift in Sources */ = {isa = PBXBuildFile; fileRef = 17040E672AFE7ED9002238B0 /* Bundle.swift */; };
		17731EA12AE3E406006B1511 /* AppDelegate.swift in Sources */ = {isa = PBXBuildFile; fileRef = 17731EA02AE3E406006B1511 /* AppDelegate.swift */; };
		17731EA32AE3E406006B1511 /* SceneDelegate.swift in Sources */ = {isa = PBXBuildFile; fileRef = 17731EA22AE3E406006B1511 /* SceneDelegate.swift */; };
		17731EA52AE3E406006B1511 /* AuthViewController.swift in Sources */ = {isa = PBXBuildFile; fileRef = 17731EA42AE3E406006B1511 /* AuthViewController.swift */; };
		17731EAA2AE3E40C006B1511 /* Assets.xcassets in Resources */ = {isa = PBXBuildFile; fileRef = 17731EA92AE3E40C006B1511 /* Assets.xcassets */; };
		17731EAD2AE3E40C006B1511 /* LaunchScreen.storyboard in Resources */ = {isa = PBXBuildFile; fileRef = 17731EAB2AE3E40C006B1511 /* LaunchScreen.storyboard */; };
		17731EB52AE3E9BD006B1511 /* UIButton + Extension.swift in Sources */ = {isa = PBXBuildFile; fileRef = 17731EB42AE3E9BD006B1511 /* UIButton + Extension.swift */; };
		17731EB72AE3EC77006B1511 /* UIFount + Extension.swift in Sources */ = {isa = PBXBuildFile; fileRef = 17731EB62AE3EC77006B1511 /* UIFount + Extension.swift */; };
		17731EB92AE3FAD3006B1511 /* UIColor + Extension.swift in Sources */ = {isa = PBXBuildFile; fileRef = 17731EB82AE3FAD3006B1511 /* UIColor + Extension.swift */; };
		17731EBB2AE3FC8C006B1511 /* Label + Extension.swift in Sources */ = {isa = PBXBuildFile; fileRef = 17731EBA2AE3FC8C006B1511 /* Label + Extension.swift */; };
		17731EBF2AED47BA006B1511 /* ButtonFormView.swift in Sources */ = {isa = PBXBuildFile; fileRef = 17731EBE2AED47BA006B1511 /* ButtonFormView.swift */; };
		17731EC12AED4C02006B1511 /* StackView + Extension.swift in Sources */ = {isa = PBXBuildFile; fileRef = 17731EC02AED4C02006B1511 /* StackView + Extension.swift */; };
		17B2FB842AFBB3EE00EECA01 /* SignUpViewController.swift in Sources */ = {isa = PBXBuildFile; fileRef = 17B2FB832AFBB3EE00EECA01 /* SignUpViewController.swift */; };
		17B2FB862AFBB73200EECA01 /* OneLineTextField.swift in Sources */ = {isa = PBXBuildFile; fileRef = 17B2FB852AFBB73200EECA01 /* OneLineTextField.swift */; };
		17B2FB882AFBC33E00EECA01 /* LoginViewController.swift in Sources */ = {isa = PBXBuildFile; fileRef = 17B2FB872AFBC33E00EECA01 /* LoginViewController.swift */; };
		17B2FB8A2AFBCC6B00EECA01 /* SetupProfileViewController.swift in Sources */ = {isa = PBXBuildFile; fileRef = 17B2FB892AFBCC6B00EECA01 /* SetupProfileViewController.swift */; };
		17B2FB8C2AFBD06C00EECA01 /* AddPhotoView.swift in Sources */ = {isa = PBXBuildFile; fileRef = 17B2FB8B2AFBD06C00EECA01 /* AddPhotoView.swift */; };
		17B2FB8E2AFBDB7A00EECA01 /* SegmentedControl + Extension.swift in Sources */ = {isa = PBXBuildFile; fileRef = 17B2FB8D2AFBDB7A00EECA01 /* SegmentedControl + Extension.swift */; };
		17ED2C422AFE558700251BAF /* ListViewController.swift in Sources */ = {isa = PBXBuildFile; fileRef = 17ED2C412AFE558700251BAF /* ListViewController.swift */; };
		17ED2C462AFE5A6F00251BAF /* MainTabBarController.swift in Sources */ = {isa = PBXBuildFile; fileRef = 17ED2C452AFE5A6F00251BAF /* MainTabBarController.swift */; };
		17ED2C482AFE5AD800251BAF /* PeopleViewController.swift in Sources */ = {isa = PBXBuildFile; fileRef = 17ED2C472AFE5AD800251BAF /* PeopleViewController.swift */; };
		89C4246A67FBB35A9CA0B21E /* Pods_ChatSerfodi.framework in Frameworks */ = {isa = PBXBuildFile; fileRef = A1A57D28972B22005E0AA782 /* Pods_ChatSerfodi.framework */; };
		B019751D2B0E152B005D4321 /* SUser.swift in Sources */ = {isa = PBXBuildFile; fileRef = B019751C2B0E152B005D4321 /* SUser.swift */; };
		B019751F2B0E1551005D4321 /* SChat.swift in Sources */ = {isa = PBXBuildFile; fileRef = B019751E2B0E1551005D4321 /* SChat.swift */; };
		B01975222B0E27A0005D4321 /* UserCell.swift in Sources */ = {isa = PBXBuildFile; fileRef = B01975212B0E27A0005D4321 /* UserCell.swift */; };
		B01975242B0E2979005D4321 /* UIViewController + Extension.swift in Sources */ = {isa = PBXBuildFile; fileRef = B01975232B0E2979005D4321 /* UIViewController + Extension.swift */; };
		B01975262B0E8CE8005D4321 /* ProfileViewController.swift in Sources */ = {isa = PBXBuildFile; fileRef = B01975252B0E8CE7005D4321 /* ProfileViewController.swift */; };
		B01975282B0E9B46005D4321 /* InsertableTextField.swift in Sources */ = {isa = PBXBuildFile; fileRef = B01975272B0E9B46005D4321 /* InsertableTextField.swift */; };
		B019752A2B0E9F96005D4321 /* UIView + Extension.swift in Sources */ = {isa = PBXBuildFile; fileRef = B01975292B0E9F96005D4321 /* UIView + Extension.swift */; };
		B019752C2B164766005D4321 /* ChatRequestViewController.swift in Sources */ = {isa = PBXBuildFile; fileRef = B019752B2B164766005D4321 /* ChatRequestViewController.swift */; };
		B019752E2B16503B005D4321 /* GoogleService-Info.plist in Resources */ = {isa = PBXBuildFile; fileRef = B019752D2B16503B005D4321 /* GoogleService-Info.plist */; };
		B06BA8F12B1C96D400120FB5 /* AuthService.swift in Sources */ = {isa = PBXBuildFile; fileRef = B06BA8F02B1C96D400120FB5 /* AuthService.swift */; };
		B06BA8F32B1CA01D00120FB5 /* Validators.swift in Sources */ = {isa = PBXBuildFile; fileRef = B06BA8F22B1CA01D00120FB5 /* Validators.swift */; };
		B06BA8F52B1CA5A900120FB5 /* AuthError.swift in Sources */ = {isa = PBXBuildFile; fileRef = B06BA8F42B1CA5A900120FB5 /* AuthError.swift */; };
		B06BA8F82B1CAF7100120FB5 /* AuthNavigatingDelegate.swift in Sources */ = {isa = PBXBuildFile; fileRef = B06BA8F72B1CAF7100120FB5 /* AuthNavigatingDelegate.swift */; };
		B06BA8FA2B1CB4AA00120FB5 /* FirestoreService.swift in Sources */ = {isa = PBXBuildFile; fileRef = B06BA8F92B1CB4AA00120FB5 /* FirestoreService.swift */; };
		B06BA8FC2B1CB9F000120FB5 /* UserError.swift in Sources */ = {isa = PBXBuildFile; fileRef = B06BA8FB2B1CB9F000120FB5 /* UserError.swift */; };
		B09186452B29088800965DC1 /* UIApplication + Extension.swift in Sources */ = {isa = PBXBuildFile; fileRef = B09186442B29088800965DC1 /* UIApplication + Extension.swift */; };
		B09186472B29173600965DC1 /* StorageService.swift in Sources */ = {isa = PBXBuildFile; fileRef = B09186462B29173600965DC1 /* StorageService.swift */; };
		B09186492B291A9100965DC1 /* UIImage + Extension.swift in Sources */ = {isa = PBXBuildFile; fileRef = B09186482B291A9100965DC1 /* UIImage + Extension.swift */; };
		B091864B2B29B05200965DC1 /* ListenerService.swift in Sources */ = {isa = PBXBuildFile; fileRef = B091864A2B29B05200965DC1 /* ListenerService.swift */; };
		B091864F2B2A502E00965DC1 /* SMessage.swift in Sources */ = {isa = PBXBuildFile; fileRef = B091864E2B2A502E00965DC1 /* SMessage.swift */; };
		B09186512B2A641900965DC1 /* WaitingChatsNavigation.swift in Sources */ = {isa = PBXBuildFile; fileRef = B09186502B2A641900965DC1 /* WaitingChatsNavigation.swift */; };
		B09186542B2B3F4900965DC1 /* MessageKit in Frameworks */ = {isa = PBXBuildFile; productRef = B09186532B2B3F4900965DC1 /* MessageKit */; };
		B09186562B2B3FC100965DC1 /* ChatsViewController.swift in Sources */ = {isa = PBXBuildFile; fileRef = B09186552B2B3FC100965DC1 /* ChatsViewController.swift */; };
		B0F8E58E2B07A51900C2B00D /* ActiveChatCell.swift in Sources */ = {isa = PBXBuildFile; fileRef = B0F8E58D2B07A51900C2B00D /* ActiveChatCell.swift */; };
		B0F8E5902B07ACA800C2B00D /* GradientView.swift in Sources */ = {isa = PBXBuildFile; fileRef = B0F8E58F2B07ACA800C2B00D /* GradientView.swift */; };
		B0F8E5932B07BC8A00C2B00D /* WaitingChatCell.swift in Sources */ = {isa = PBXBuildFile; fileRef = B0F8E5922B07BC8A00C2B00D /* WaitingChatCell.swift */; };
		B0F8E5952B07BD6C00C2B00D /* SelfConfiguringCell.swift in Sources */ = {isa = PBXBuildFile; fileRef = B0F8E5942B07BD6C00C2B00D /* SelfConfiguringCell.swift */; };
		B0F8E59C2B07C6CF00C2B00D /* SectionHeader.swift in Sources */ = {isa = PBXBuildFile; fileRef = B0F8E59B2B07C6CF00C2B00D /* SectionHeader.swift */; };
/* End PBXBuildFile section */

/* Begin PBXFileReference section */
		17040E672AFE7ED9002238B0 /* Bundle.swift */ = {isa = PBXFileReference; lastKnownFileType = sourcecode.swift; path = Bundle.swift; sourceTree = "<group>"; };
		17731E9D2AE3E406006B1511 /* ChatSerfodi.app */ = {isa = PBXFileReference; explicitFileType = wrapper.application; includeInIndex = 0; path = ChatSerfodi.app; sourceTree = BUILT_PRODUCTS_DIR; };
		17731EA02AE3E406006B1511 /* AppDelegate.swift */ = {isa = PBXFileReference; lastKnownFileType = sourcecode.swift; path = AppDelegate.swift; sourceTree = "<group>"; };
		17731EA22AE3E406006B1511 /* SceneDelegate.swift */ = {isa = PBXFileReference; lastKnownFileType = sourcecode.swift; path = SceneDelegate.swift; sourceTree = "<group>"; };
		17731EA42AE3E406006B1511 /* AuthViewController.swift */ = {isa = PBXFileReference; lastKnownFileType = sourcecode.swift; path = AuthViewController.swift; sourceTree = "<group>"; };
		17731EA92AE3E40C006B1511 /* Assets.xcassets */ = {isa = PBXFileReference; lastKnownFileType = folder.assetcatalog; path = Assets.xcassets; sourceTree = "<group>"; };
		17731EAC2AE3E40C006B1511 /* Base */ = {isa = PBXFileReference; lastKnownFileType = file.storyboard; name = Base; path = Base.lproj/LaunchScreen.storyboard; sourceTree = "<group>"; };
		17731EAE2AE3E40C006B1511 /* Info.plist */ = {isa = PBXFileReference; lastKnownFileType = text.plist.xml; path = Info.plist; sourceTree = "<group>"; };
		17731EB42AE3E9BD006B1511 /* UIButton + Extension.swift */ = {isa = PBXFileReference; lastKnownFileType = sourcecode.swift; path = "UIButton + Extension.swift"; sourceTree = "<group>"; };
		17731EB62AE3EC77006B1511 /* UIFount + Extension.swift */ = {isa = PBXFileReference; lastKnownFileType = sourcecode.swift; path = "UIFount + Extension.swift"; sourceTree = "<group>"; };
		17731EB82AE3FAD3006B1511 /* UIColor + Extension.swift */ = {isa = PBXFileReference; lastKnownFileType = sourcecode.swift; path = "UIColor + Extension.swift"; sourceTree = "<group>"; };
		17731EBA2AE3FC8C006B1511 /* Label + Extension.swift */ = {isa = PBXFileReference; lastKnownFileType = sourcecode.swift; path = "Label + Extension.swift"; sourceTree = "<group>"; };
		17731EBE2AED47BA006B1511 /* ButtonFormView.swift */ = {isa = PBXFileReference; lastKnownFileType = sourcecode.swift; path = ButtonFormView.swift; sourceTree = "<group>"; };
		17731EC02AED4C02006B1511 /* StackView + Extension.swift */ = {isa = PBXFileReference; lastKnownFileType = sourcecode.swift; path = "StackView + Extension.swift"; sourceTree = "<group>"; };
		17B2FB832AFBB3EE00EECA01 /* SignUpViewController.swift */ = {isa = PBXFileReference; lastKnownFileType = sourcecode.swift; path = SignUpViewController.swift; sourceTree = "<group>"; };
		17B2FB852AFBB73200EECA01 /* OneLineTextField.swift */ = {isa = PBXFileReference; lastKnownFileType = sourcecode.swift; path = OneLineTextField.swift; sourceTree = "<group>"; };
		17B2FB872AFBC33E00EECA01 /* LoginViewController.swift */ = {isa = PBXFileReference; lastKnownFileType = sourcecode.swift; path = LoginViewController.swift; sourceTree = "<group>"; };
		17B2FB892AFBCC6B00EECA01 /* SetupProfileViewController.swift */ = {isa = PBXFileReference; lastKnownFileType = sourcecode.swift; path = SetupProfileViewController.swift; sourceTree = "<group>"; };
		17B2FB8B2AFBD06C00EECA01 /* AddPhotoView.swift */ = {isa = PBXFileReference; lastKnownFileType = sourcecode.swift; path = AddPhotoView.swift; sourceTree = "<group>"; };
		17B2FB8D2AFBDB7A00EECA01 /* SegmentedControl + Extension.swift */ = {isa = PBXFileReference; lastKnownFileType = sourcecode.swift; path = "SegmentedControl + Extension.swift"; sourceTree = "<group>"; };
		17ED2C412AFE558700251BAF /* ListViewController.swift */ = {isa = PBXFileReference; lastKnownFileType = sourcecode.swift; path = ListViewController.swift; sourceTree = "<group>"; };
		17ED2C452AFE5A6F00251BAF /* MainTabBarController.swift */ = {isa = PBXFileReference; lastKnownFileType = sourcecode.swift; path = MainTabBarController.swift; sourceTree = "<group>"; };
		17ED2C472AFE5AD800251BAF /* PeopleViewController.swift */ = {isa = PBXFileReference; lastKnownFileType = sourcecode.swift; path = PeopleViewController.swift; sourceTree = "<group>"; };
		2BD248DA56C9F2CBDA3669BE /* Pods-ChatSerfodi.release.xcconfig */ = {isa = PBXFileReference; includeInIndex = 1; lastKnownFileType = text.xcconfig; name = "Pods-ChatSerfodi.release.xcconfig"; path = "Target Support Files/Pods-ChatSerfodi/Pods-ChatSerfodi.release.xcconfig"; sourceTree = "<group>"; };
		506A49DF8C383A021951F50D /* Pods-ChatSerfodi.debug.xcconfig */ = {isa = PBXFileReference; includeInIndex = 1; lastKnownFileType = text.xcconfig; name = "Pods-ChatSerfodi.debug.xcconfig"; path = "Target Support Files/Pods-ChatSerfodi/Pods-ChatSerfodi.debug.xcconfig"; sourceTree = "<group>"; };
		A1A57D28972B22005E0AA782 /* Pods_ChatSerfodi.framework */ = {isa = PBXFileReference; explicitFileType = wrapper.framework; includeInIndex = 0; path = Pods_ChatSerfodi.framework; sourceTree = BUILT_PRODUCTS_DIR; };
		B019751C2B0E152B005D4321 /* SUser.swift */ = {isa = PBXFileReference; lastKnownFileType = sourcecode.swift; path = SUser.swift; sourceTree = "<group>"; };
		B019751E2B0E1551005D4321 /* SChat.swift */ = {isa = PBXFileReference; lastKnownFileType = sourcecode.swift; path = SChat.swift; sourceTree = "<group>"; };
		B01975212B0E27A0005D4321 /* UserCell.swift */ = {isa = PBXFileReference; lastKnownFileType = sourcecode.swift; path = UserCell.swift; sourceTree = "<group>"; };
		B01975232B0E2979005D4321 /* UIViewController + Extension.swift */ = {isa = PBXFileReference; lastKnownFileType = sourcecode.swift; path = "UIViewController + Extension.swift"; sourceTree = "<group>"; };
		B01975252B0E8CE7005D4321 /* ProfileViewController.swift */ = {isa = PBXFileReference; lastKnownFileType = sourcecode.swift; path = ProfileViewController.swift; sourceTree = "<group>"; };
		B01975272B0E9B46005D4321 /* InsertableTextField.swift */ = {isa = PBXFileReference; lastKnownFileType = sourcecode.swift; path = InsertableTextField.swift; sourceTree = "<group>"; };
		B01975292B0E9F96005D4321 /* UIView + Extension.swift */ = {isa = PBXFileReference; lastKnownFileType = sourcecode.swift; path = "UIView + Extension.swift"; sourceTree = "<group>"; };
		B019752B2B164766005D4321 /* ChatRequestViewController.swift */ = {isa = PBXFileReference; lastKnownFileType = sourcecode.swift; path = ChatRequestViewController.swift; sourceTree = "<group>"; };
		B019752D2B16503B005D4321 /* GoogleService-Info.plist */ = {isa = PBXFileReference; fileEncoding = 4; lastKnownFileType = text.plist.xml; path = "GoogleService-Info.plist"; sourceTree = "<group>"; };
		B06BA8F02B1C96D400120FB5 /* AuthService.swift */ = {isa = PBXFileReference; lastKnownFileType = sourcecode.swift; path = AuthService.swift; sourceTree = "<group>"; };
		B06BA8F22B1CA01D00120FB5 /* Validators.swift */ = {isa = PBXFileReference; lastKnownFileType = sourcecode.swift; path = Validators.swift; sourceTree = "<group>"; };
		B06BA8F42B1CA5A900120FB5 /* AuthError.swift */ = {isa = PBXFileReference; lastKnownFileType = sourcecode.swift; path = AuthError.swift; sourceTree = "<group>"; };
		B06BA8F72B1CAF7100120FB5 /* AuthNavigatingDelegate.swift */ = {isa = PBXFileReference; lastKnownFileType = sourcecode.swift; path = AuthNavigatingDelegate.swift; sourceTree = "<group>"; };
		B06BA8F92B1CB4AA00120FB5 /* FirestoreService.swift */ = {isa = PBXFileReference; lastKnownFileType = sourcecode.swift; path = FirestoreService.swift; sourceTree = "<group>"; };
		B06BA8FB2B1CB9F000120FB5 /* UserError.swift */ = {isa = PBXFileReference; lastKnownFileType = sourcecode.swift; path = UserError.swift; sourceTree = "<group>"; };
		B09186442B29088800965DC1 /* UIApplication + Extension.swift */ = {isa = PBXFileReference; lastKnownFileType = sourcecode.swift; path = "UIApplication + Extension.swift"; sourceTree = "<group>"; };
		B09186462B29173600965DC1 /* StorageService.swift */ = {isa = PBXFileReference; lastKnownFileType = sourcecode.swift; path = StorageService.swift; sourceTree = "<group>"; };
		B09186482B291A9100965DC1 /* UIImage + Extension.swift */ = {isa = PBXFileReference; lastKnownFileType = sourcecode.swift; path = "UIImage + Extension.swift"; sourceTree = "<group>"; };
		B091864A2B29B05200965DC1 /* ListenerService.swift */ = {isa = PBXFileReference; lastKnownFileType = sourcecode.swift; path = ListenerService.swift; sourceTree = "<group>"; };
		B091864E2B2A502E00965DC1 /* SMessage.swift */ = {isa = PBXFileReference; lastKnownFileType = sourcecode.swift; path = SMessage.swift; sourceTree = "<group>"; };
		B09186502B2A641900965DC1 /* WaitingChatsNavigation.swift */ = {isa = PBXFileReference; lastKnownFileType = sourcecode.swift; path = WaitingChatsNavigation.swift; sourceTree = "<group>"; };
		B09186552B2B3FC100965DC1 /* ChatsViewController.swift */ = {isa = PBXFileReference; lastKnownFileType = sourcecode.swift; path = ChatsViewController.swift; sourceTree = "<group>"; };
		B0F8E58D2B07A51900C2B00D /* ActiveChatCell.swift */ = {isa = PBXFileReference; lastKnownFileType = sourcecode.swift; path = ActiveChatCell.swift; sourceTree = "<group>"; };
		B0F8E58F2B07ACA800C2B00D /* GradientView.swift */ = {isa = PBXFileReference; lastKnownFileType = sourcecode.swift; path = GradientView.swift; sourceTree = "<group>"; };
		B0F8E5922B07BC8A00C2B00D /* WaitingChatCell.swift */ = {isa = PBXFileReference; lastKnownFileType = sourcecode.swift; path = WaitingChatCell.swift; sourceTree = "<group>"; };
		B0F8E5942B07BD6C00C2B00D /* SelfConfiguringCell.swift */ = {isa = PBXFileReference; lastKnownFileType = sourcecode.swift; path = SelfConfiguringCell.swift; sourceTree = "<group>"; };
		B0F8E59B2B07C6CF00C2B00D /* SectionHeader.swift */ = {isa = PBXFileReference; lastKnownFileType = sourcecode.swift; path = SectionHeader.swift; sourceTree = "<group>"; };
/* End PBXFileReference section */

/* Begin PBXFrameworksBuildPhase section */
		17731E9A2AE3E406006B1511 /* Frameworks */ = {
			isa = PBXFrameworksBuildPhase;
			buildActionMask = 2147483647;
			files = (
				89C4246A67FBB35A9CA0B21E /* Pods_ChatSerfodi.framework in Frameworks */,
				B09186542B2B3F4900965DC1 /* MessageKit in Frameworks */,
			);
			runOnlyForDeploymentPostprocessing = 0;
		};
/* End PBXFrameworksBuildPhase section */

/* Begin PBXGroup section */
		17731E942AE3E406006B1511 = {
			isa = PBXGroup;
			children = (
				17731E9F2AE3E406006B1511 /* ChatSerfodi */,
				17731E9E2AE3E406006B1511 /* Products */,
				D90E558EBA491BB8D08D2D30 /* Pods */,
				CD8068D53F4AB53A295FBB9D /* Frameworks */,
			);
			sourceTree = "<group>";
		};
		17731E9E2AE3E406006B1511 /* Products */ = {
			isa = PBXGroup;
			children = (
				17731E9D2AE3E406006B1511 /* ChatSerfodi.app */,
			);
			name = Products;
			sourceTree = "<group>";
		};
		17731E9F2AE3E406006B1511 /* ChatSerfodi */ = {
			isa = PBXGroup;
			children = (
				17731EA02AE3E406006B1511 /* AppDelegate.swift */,
				17731EA22AE3E406006B1511 /* SceneDelegate.swift */,
				B06BA8EF2B1C96AC00120FB5 /* Services */,
				17ED2C442AFE5A3E00251BAF /* Controllers */,
				B0F8E5962B07BD8B00C2B00D /* Protocol */,
				17731EBD2AED46F6006B1511 /* Extension */,
				B06BA8F62B1CA89300120FB5 /* Helpers */,
				17731EA92AE3E40C006B1511 /* Assets.xcassets */,
				17731EAB2AE3E40C006B1511 /* LaunchScreen.storyboard */,
				17731EAE2AE3E40C006B1511 /* Info.plist */,
				B019752D2B16503B005D4321 /* GoogleService-Info.plist */,
			);
			path = ChatSerfodi;
			sourceTree = "<group>";
		};
		17731EBC2AED46EA006B1511 /*  UIkit */ = {
			isa = PBXGroup;
			children = (
				17731EB42AE3E9BD006B1511 /* UIButton + Extension.swift */,
				17731EB62AE3EC77006B1511 /* UIFount + Extension.swift */,
				17731EB82AE3FAD3006B1511 /* UIColor + Extension.swift */,
				17731EBA2AE3FC8C006B1511 /* Label + Extension.swift */,
				17731EC02AED4C02006B1511 /* StackView + Extension.swift */,
				17B2FB852AFBB73200EECA01 /* OneLineTextField.swift */,
				17B2FB8B2AFBD06C00EECA01 /* AddPhotoView.swift */,
				17B2FB8D2AFBDB7A00EECA01 /* SegmentedControl + Extension.swift */,
				B0F8E58F2B07ACA800C2B00D /* GradientView.swift */,
				B01975232B0E2979005D4321 /* UIViewController + Extension.swift */,
				B01975292B0E9F96005D4321 /* UIView + Extension.swift */,
				B09186482B291A9100965DC1 /* UIImage + Extension.swift */,
				B09186442B29088800965DC1 /* UIApplication + Extension.swift */,
			);
			path = " UIkit";
			sourceTree = "<group>";
		};
		17731EBD2AED46F6006B1511 /* Extension */ = {
			isa = PBXGroup;
			children = (
				17731EBE2AED47BA006B1511 /* ButtonFormView.swift */,
				17040E672AFE7ED9002238B0 /* Bundle.swift */,
				B01975272B0E9B46005D4321 /* InsertableTextField.swift */,
				17731EBC2AED46EA006B1511 /*  UIkit */,
			);
			path = Extension;
			sourceTree = "<group>";
		};
		17ED2C432AFE59DD00251BAF /* SignIn&Auth */ = {
			isa = PBXGroup;
			children = (
				17731EA42AE3E406006B1511 /* AuthViewController.swift */,
				17B2FB832AFBB3EE00EECA01 /* SignUpViewController.swift */,
				17B2FB872AFBC33E00EECA01 /* LoginViewController.swift */,
				17B2FB892AFBCC6B00EECA01 /* SetupProfileViewController.swift */,
				B0F8E59B2B07C6CF00C2B00D /* SectionHeader.swift */,
			);
			path = "SignIn&Auth";
			sourceTree = "<group>";
		};
		17ED2C442AFE5A3E00251BAF /* Controllers */ = {
			isa = PBXGroup;
			children = (
				17ED2C432AFE59DD00251BAF /* SignIn&Auth */,
				17ED2C452AFE5A6F00251BAF /* MainTabBarController.swift */,
				17ED2C412AFE558700251BAF /* ListViewController.swift */,
				17ED2C472AFE5AD800251BAF /* PeopleViewController.swift */,
				B0F8E5912B07BC5C00C2B00D /* Cell */,
				B01975252B0E8CE7005D4321 /* ProfileViewController.swift */,
				B019752B2B164766005D4321 /* ChatRequestViewController.swift */,
				B09186552B2B3FC100965DC1 /* ChatsViewController.swift */,
			);
			path = Controllers;
			sourceTree = "<group>";
		};
		B01975202B0E15B1005D4321 /* Model */ = {
			isa = PBXGroup;
			children = (
				B019751C2B0E152B005D4321 /* SUser.swift */,
				B019751E2B0E1551005D4321 /* SChat.swift */,
				B091864E2B2A502E00965DC1 /* SMessage.swift */,
			);
			path = Model;
			sourceTree = "<group>";
		};
		B06BA8EF2B1C96AC00120FB5 /* Services */ = {
			isa = PBXGroup;
			children = (
				B01975202B0E15B1005D4321 /* Model */,
				B06BA8F02B1C96D400120FB5 /* AuthService.swift */,
				B06BA8F92B1CB4AA00120FB5 /* FirestoreService.swift */,
				B09186462B29173600965DC1 /* StorageService.swift */,
				B091864A2B29B05200965DC1 /* ListenerService.swift */,
			);
			path = Services;
			sourceTree = "<group>";
		};
		B06BA8F62B1CA89300120FB5 /* Helpers */ = {
			isa = PBXGroup;
			children = (
				B06BA8F22B1CA01D00120FB5 /* Validators.swift */,
				B06BA8F42B1CA5A900120FB5 /* AuthError.swift */,
				B06BA8FB2B1CB9F000120FB5 /* UserError.swift */,
			);
			path = Helpers;
			sourceTree = "<group>";
		};
		B0F8E5912B07BC5C00C2B00D /* Cell */ = {
			isa = PBXGroup;
			children = (
				B0F8E58D2B07A51900C2B00D /* ActiveChatCell.swift */,
				B0F8E5922B07BC8A00C2B00D /* WaitingChatCell.swift */,
				B01975212B0E27A0005D4321 /* UserCell.swift */,
			);
			path = Cell;
			sourceTree = "<group>";
		};
		B0F8E5962B07BD8B00C2B00D /* Protocol */ = {
			isa = PBXGroup;
			children = (
				B0F8E5942B07BD6C00C2B00D /* SelfConfiguringCell.swift */,
				B06BA8F72B1CAF7100120FB5 /* AuthNavigatingDelegate.swift */,
				B09186502B2A641900965DC1 /* WaitingChatsNavigation.swift */,
			);
			path = Protocol;
			sourceTree = "<group>";
		};
		CD8068D53F4AB53A295FBB9D /* Frameworks */ = {
			isa = PBXGroup;
			children = (
				A1A57D28972B22005E0AA782 /* Pods_ChatSerfodi.framework */,
			);
			name = Frameworks;
			sourceTree = "<group>";
		};
		D90E558EBA491BB8D08D2D30 /* Pods */ = {
			isa = PBXGroup;
			children = (
				506A49DF8C383A021951F50D /* Pods-ChatSerfodi.debug.xcconfig */,
				2BD248DA56C9F2CBDA3669BE /* Pods-ChatSerfodi.release.xcconfig */,
			);
			path = Pods;
			sourceTree = "<group>";
		};
/* End PBXGroup section */

/* Begin PBXNativeTarget section */
		17731E9C2AE3E406006B1511 /* ChatSerfodi */ = {
			isa = PBXNativeTarget;
			buildConfigurationList = 17731EB12AE3E40C006B1511 /* Build configuration list for PBXNativeTarget "ChatSerfodi" */;
			buildPhases = (
				EFC6661999359309B3110BDE /* [CP] Check Pods Manifest.lock */,
				17731E992AE3E406006B1511 /* Sources */,
				17731E9A2AE3E406006B1511 /* Frameworks */,
				17731E9B2AE3E406006B1511 /* Resources */,
				B635152680BBEBBCC4FFDF4D /* [CP] Embed Pods Frameworks */,
			);
			buildRules = (
			);
			dependencies = (
			);
			name = ChatSerfodi;
			packageProductDependencies = (
				B09186532B2B3F4900965DC1 /* MessageKit */,
			);
			productName = ChatSerfodi;
			productReference = 17731E9D2AE3E406006B1511 /* ChatSerfodi.app */;
			productType = "com.apple.product-type.application";
		};
/* End PBXNativeTarget section */

/* Begin PBXProject section */
		17731E952AE3E406006B1511 /* Project object */ = {
			isa = PBXProject;
			attributes = {
				BuildIndependentTargetsInParallel = 1;
				LastSwiftUpdateCheck = 1430;
				LastUpgradeCheck = 1430;
				TargetAttributes = {
					17731E9C2AE3E406006B1511 = {
						CreatedOnToolsVersion = 14.3;
					};
				};
			};
			buildConfigurationList = 17731E982AE3E406006B1511 /* Build configuration list for PBXProject "ChatSerfodi" */;
			compatibilityVersion = "Xcode 14.0";
			developmentRegion = en;
			hasScannedForEncodings = 0;
			knownRegions = (
				en,
				Base,
			);
			mainGroup = 17731E942AE3E406006B1511;
			packageReferences = (
				B09186522B2B3F4900965DC1 /* XCRemoteSwiftPackageReference "MessageKit" */,
			);
			productRefGroup = 17731E9E2AE3E406006B1511 /* Products */;
			projectDirPath = "";
			projectRoot = "";
			targets = (
				17731E9C2AE3E406006B1511 /* ChatSerfodi */,
			);
		};
/* End PBXProject section */

/* Begin PBXResourcesBuildPhase section */
		17731E9B2AE3E406006B1511 /* Resources */ = {
			isa = PBXResourcesBuildPhase;
			buildActionMask = 2147483647;
			files = (
				17731EAD2AE3E40C006B1511 /* LaunchScreen.storyboard in Resources */,
				17731EAA2AE3E40C006B1511 /* Assets.xcassets in Resources */,
				B019752E2B16503B005D4321 /* GoogleService-Info.plist in Resources */,
			);
			runOnlyForDeploymentPostprocessing = 0;
		};
/* End PBXResourcesBuildPhase section */

/* Begin PBXShellScriptBuildPhase section */
		B635152680BBEBBCC4FFDF4D /* [CP] Embed Pods Frameworks */ = {
			isa = PBXShellScriptBuildPhase;
			buildActionMask = 2147483647;
			files = (
			);
			inputFileListPaths = (
				"${PODS_ROOT}/Target Support Files/Pods-ChatSerfodi/Pods-ChatSerfodi-frameworks-${CONFIGURATION}-input-files.xcfilelist",
			);
			name = "[CP] Embed Pods Frameworks";
			outputFileListPaths = (
				"${PODS_ROOT}/Target Support Files/Pods-ChatSerfodi/Pods-ChatSerfodi-frameworks-${CONFIGURATION}-output-files.xcfilelist",
			);
			runOnlyForDeploymentPostprocessing = 0;
			shellPath = /bin/sh;
			shellScript = "\"${PODS_ROOT}/Target Support Files/Pods-ChatSerfodi/Pods-ChatSerfodi-frameworks.sh\"\n";
			showEnvVarsInLog = 0;
		};
		EFC6661999359309B3110BDE /* [CP] Check Pods Manifest.lock */ = {
			isa = PBXShellScriptBuildPhase;
			buildActionMask = 2147483647;
			files = (
			);
			inputFileListPaths = (
			);
			inputPaths = (
				"${PODS_PODFILE_DIR_PATH}/Podfile.lock",
				"${PODS_ROOT}/Manifest.lock",
			);
			name = "[CP] Check Pods Manifest.lock";
			outputFileListPaths = (
			);
			outputPaths = (
				"$(DERIVED_FILE_DIR)/Pods-ChatSerfodi-checkManifestLockResult.txt",
			);
			runOnlyForDeploymentPostprocessing = 0;
			shellPath = /bin/sh;
			shellScript = "diff \"${PODS_PODFILE_DIR_PATH}/Podfile.lock\" \"${PODS_ROOT}/Manifest.lock\" > /dev/null\nif [ $? != 0 ] ; then\n    # print error to STDERR\n    echo \"error: The sandbox is not in sync with the Podfile.lock. Run 'pod install' or update your CocoaPods installation.\" >&2\n    exit 1\nfi\n# This output is used by Xcode 'outputs' to avoid re-running this script phase.\necho \"SUCCESS\" > \"${SCRIPT_OUTPUT_FILE_0}\"\n";
			showEnvVarsInLog = 0;
		};
/* End PBXShellScriptBuildPhase section */

/* Begin PBXSourcesBuildPhase section */
		17731E992AE3E406006B1511 /* Sources */ = {
			isa = PBXSourcesBuildPhase;
			buildActionMask = 2147483647;
			files = (
				17B2FB882AFBC33E00EECA01 /* LoginViewController.swift in Sources */,
				B06BA8FA2B1CB4AA00120FB5 /* FirestoreService.swift in Sources */,
				17731EC12AED4C02006B1511 /* StackView + Extension.swift in Sources */,
				B06BA8FC2B1CB9F000120FB5 /* UserError.swift in Sources */,
				B019752C2B164766005D4321 /* ChatRequestViewController.swift in Sources */,
				B091864B2B29B05200965DC1 /* ListenerService.swift in Sources */,
				B09186472B29173600965DC1 /* StorageService.swift in Sources */,
				B09186562B2B3FC100965DC1 /* ChatsViewController.swift in Sources */,
				17731EA52AE3E406006B1511 /* AuthViewController.swift in Sources */,
				B0F8E58E2B07A51900C2B00D /* ActiveChatCell.swift in Sources */,
				B09186512B2A641900965DC1 /* WaitingChatsNavigation.swift in Sources */,
				B01975282B0E9B46005D4321 /* InsertableTextField.swift in Sources */,
				17040E682AFE7ED9002238B0 /* Bundle.swift in Sources */,
				B01975222B0E27A0005D4321 /* UserCell.swift in Sources */,
				B06BA8F82B1CAF7100120FB5 /* AuthNavigatingDelegate.swift in Sources */,
				17731EA12AE3E406006B1511 /* AppDelegate.swift in Sources */,
				17731EBF2AED47BA006B1511 /* ButtonFormView.swift in Sources */,
				17ED2C482AFE5AD800251BAF /* PeopleViewController.swift in Sources */,
				17B2FB842AFBB3EE00EECA01 /* SignUpViewController.swift in Sources */,
				B01975242B0E2979005D4321 /* UIViewController + Extension.swift in Sources */,
				17731EBB2AE3FC8C006B1511 /* Label + Extension.swift in Sources */,
				B019752A2B0E9F96005D4321 /* UIView + Extension.swift in Sources */,
				17B2FB862AFBB73200EECA01 /* OneLineTextField.swift in Sources */,
				B01975262B0E8CE8005D4321 /* ProfileViewController.swift in Sources */,
				B019751F2B0E1551005D4321 /* SChat.swift in Sources */,
				B0F8E5952B07BD6C00C2B00D /* SelfConfiguringCell.swift in Sources */,
				B0F8E5902B07ACA800C2B00D /* GradientView.swift in Sources */,
				17B2FB8A2AFBCC6B00EECA01 /* SetupProfileViewController.swift in Sources */,
				17B2FB8C2AFBD06C00EECA01 /* AddPhotoView.swift in Sources */,
				17731EA32AE3E406006B1511 /* SceneDelegate.swift in Sources */,
				B0F8E5932B07BC8A00C2B00D /* WaitingChatCell.swift in Sources */,
				17731EB92AE3FAD3006B1511 /* UIColor + Extension.swift in Sources */,
				17731EB52AE3E9BD006B1511 /* UIButton + Extension.swift in Sources */,
				B06BA8F32B1CA01D00120FB5 /* Validators.swift in Sources */,
				B091864F2B2A502E00965DC1 /* SMessage.swift in Sources */,
				17B2FB8E2AFBDB7A00EECA01 /* SegmentedControl + Extension.swift in Sources */,
				B09186492B291A9100965DC1 /* UIImage + Extension.swift in Sources */,
				B09186452B29088800965DC1 /* UIApplication + Extension.swift in Sources */,
				B06BA8F12B1C96D400120FB5 /* AuthService.swift in Sources */,
				B0F8E59C2B07C6CF00C2B00D /* SectionHeader.swift in Sources */,
				17ED2C422AFE558700251BAF /* ListViewController.swift in Sources */,
				17731EB72AE3EC77006B1511 /* UIFount + Extension.swift in Sources */,
				B019751D2B0E152B005D4321 /* SUser.swift in Sources */,
				17ED2C462AFE5A6F00251BAF /* MainTabBarController.swift in Sources */,
				B06BA8F52B1CA5A900120FB5 /* AuthError.swift in Sources */,
			);
			runOnlyForDeploymentPostprocessing = 0;
		};
/* End PBXSourcesBuildPhase section */

/* Begin PBXVariantGroup section */
		17731EAB2AE3E40C006B1511 /* LaunchScreen.storyboard */ = {
			isa = PBXVariantGroup;
			children = (
				17731EAC2AE3E40C006B1511 /* Base */,
			);
			name = LaunchScreen.storyboard;
			sourceTree = "<group>";
		};
/* End PBXVariantGroup section */

/* Begin XCBuildConfiguration section */
		17731EAF2AE3E40C006B1511 /* Debug */ = {
			isa = XCBuildConfiguration;
			buildSettings = {
				ALWAYS_SEARCH_USER_PATHS = NO;
				CLANG_ANALYZER_NONNULL = YES;
				CLANG_ANALYZER_NUMBER_OBJECT_CONVERSION = YES_AGGRESSIVE;
				CLANG_CXX_LANGUAGE_STANDARD = "gnu++20";
				CLANG_ENABLE_MODULES = YES;
				CLANG_ENABLE_OBJC_ARC = YES;
				CLANG_ENABLE_OBJC_WEAK = YES;
				CLANG_WARN_BLOCK_CAPTURE_AUTORELEASING = YES;
				CLANG_WARN_BOOL_CONVERSION = YES;
				CLANG_WARN_COMMA = YES;
				CLANG_WARN_CONSTANT_CONVERSION = YES;
				CLANG_WARN_DEPRECATED_OBJC_IMPLEMENTATIONS = YES;
				CLANG_WARN_DIRECT_OBJC_ISA_USAGE = YES_ERROR;
				CLANG_WARN_DOCUMENTATION_COMMENTS = YES;
				CLANG_WARN_EMPTY_BODY = YES;
				CLANG_WARN_ENUM_CONVERSION = YES;
				CLANG_WARN_INFINITE_RECURSION = YES;
				CLANG_WARN_INT_CONVERSION = YES;
				CLANG_WARN_NON_LITERAL_NULL_CONVERSION = YES;
				CLANG_WARN_OBJC_IMPLICIT_RETAIN_SELF = YES;
				CLANG_WARN_OBJC_LITERAL_CONVERSION = YES;
				CLANG_WARN_OBJC_ROOT_CLASS = YES_ERROR;
				CLANG_WARN_QUOTED_INCLUDE_IN_FRAMEWORK_HEADER = YES;
				CLANG_WARN_RANGE_LOOP_ANALYSIS = YES;
				CLANG_WARN_STRICT_PROTOTYPES = YES;
				CLANG_WARN_SUSPICIOUS_MOVE = YES;
				CLANG_WARN_UNGUARDED_AVAILABILITY = YES_AGGRESSIVE;
				CLANG_WARN_UNREACHABLE_CODE = YES;
				CLANG_WARN__DUPLICATE_METHOD_MATCH = YES;
				COPY_PHASE_STRIP = NO;
				DEBUG_INFORMATION_FORMAT = dwarf;
				ENABLE_STRICT_OBJC_MSGSEND = YES;
				ENABLE_TESTABILITY = YES;
				GCC_C_LANGUAGE_STANDARD = gnu11;
				GCC_DYNAMIC_NO_PIC = NO;
				GCC_NO_COMMON_BLOCKS = YES;
				GCC_OPTIMIZATION_LEVEL = 0;
				GCC_PREPROCESSOR_DEFINITIONS = (
					"DEBUG=1",
					"$(inherited)",
				);
				GCC_WARN_64_TO_32_BIT_CONVERSION = YES;
				GCC_WARN_ABOUT_RETURN_TYPE = YES_ERROR;
				GCC_WARN_UNDECLARED_SELECTOR = YES;
				GCC_WARN_UNINITIALIZED_AUTOS = YES_AGGRESSIVE;
				GCC_WARN_UNUSED_FUNCTION = YES;
				GCC_WARN_UNUSED_VARIABLE = YES;
				IPHONEOS_DEPLOYMENT_TARGET = 16.4;
				MTL_ENABLE_DEBUG_INFO = INCLUDE_SOURCE;
				MTL_FAST_MATH = YES;
				ONLY_ACTIVE_ARCH = YES;
				SDKROOT = iphoneos;
				SWIFT_ACTIVE_COMPILATION_CONDITIONS = DEBUG;
				SWIFT_OPTIMIZATION_LEVEL = "-Onone";
			};
			name = Debug;
		};
		17731EB02AE3E40C006B1511 /* Release */ = {
			isa = XCBuildConfiguration;
			buildSettings = {
				ALWAYS_SEARCH_USER_PATHS = NO;
				CLANG_ANALYZER_NONNULL = YES;
				CLANG_ANALYZER_NUMBER_OBJECT_CONVERSION = YES_AGGRESSIVE;
				CLANG_CXX_LANGUAGE_STANDARD = "gnu++20";
				CLANG_ENABLE_MODULES = YES;
				CLANG_ENABLE_OBJC_ARC = YES;
				CLANG_ENABLE_OBJC_WEAK = YES;
				CLANG_WARN_BLOCK_CAPTURE_AUTORELEASING = YES;
				CLANG_WARN_BOOL_CONVERSION = YES;
				CLANG_WARN_COMMA = YES;
				CLANG_WARN_CONSTANT_CONVERSION = YES;
				CLANG_WARN_DEPRECATED_OBJC_IMPLEMENTATIONS = YES;
				CLANG_WARN_DIRECT_OBJC_ISA_USAGE = YES_ERROR;
				CLANG_WARN_DOCUMENTATION_COMMENTS = YES;
				CLANG_WARN_EMPTY_BODY = YES;
				CLANG_WARN_ENUM_CONVERSION = YES;
				CLANG_WARN_INFINITE_RECURSION = YES;
				CLANG_WARN_INT_CONVERSION = YES;
				CLANG_WARN_NON_LITERAL_NULL_CONVERSION = YES;
				CLANG_WARN_OBJC_IMPLICIT_RETAIN_SELF = YES;
				CLANG_WARN_OBJC_LITERAL_CONVERSION = YES;
				CLANG_WARN_OBJC_ROOT_CLASS = YES_ERROR;
				CLANG_WARN_QUOTED_INCLUDE_IN_FRAMEWORK_HEADER = YES;
				CLANG_WARN_RANGE_LOOP_ANALYSIS = YES;
				CLANG_WARN_STRICT_PROTOTYPES = YES;
				CLANG_WARN_SUSPICIOUS_MOVE = YES;
				CLANG_WARN_UNGUARDED_AVAILABILITY = YES_AGGRESSIVE;
				CLANG_WARN_UNREACHABLE_CODE = YES;
				CLANG_WARN__DUPLICATE_METHOD_MATCH = YES;
				COPY_PHASE_STRIP = NO;
				DEBUG_INFORMATION_FORMAT = "dwarf-with-dsym";
				ENABLE_NS_ASSERTIONS = NO;
				ENABLE_STRICT_OBJC_MSGSEND = YES;
				GCC_C_LANGUAGE_STANDARD = gnu11;
				GCC_NO_COMMON_BLOCKS = YES;
				GCC_WARN_64_TO_32_BIT_CONVERSION = YES;
				GCC_WARN_ABOUT_RETURN_TYPE = YES_ERROR;
				GCC_WARN_UNDECLARED_SELECTOR = YES;
				GCC_WARN_UNINITIALIZED_AUTOS = YES_AGGRESSIVE;
				GCC_WARN_UNUSED_FUNCTION = YES;
				GCC_WARN_UNUSED_VARIABLE = YES;
				IPHONEOS_DEPLOYMENT_TARGET = 16.4;
				MTL_ENABLE_DEBUG_INFO = NO;
				MTL_FAST_MATH = YES;
				SDKROOT = iphoneos;
				SWIFT_COMPILATION_MODE = wholemodule;
				SWIFT_OPTIMIZATION_LEVEL = "-O";
				VALIDATE_PRODUCT = YES;
			};
			name = Release;
		};
		17731EB22AE3E40C006B1511 /* Debug */ = {
			isa = XCBuildConfiguration;
			baseConfigurationReference = 506A49DF8C383A021951F50D /* Pods-ChatSerfodi.debug.xcconfig */;
			buildSettings = {
				ASSETCATALOG_COMPILER_APPICON_NAME = AppIcon;
				ASSETCATALOG_COMPILER_GLOBAL_ACCENT_COLOR_NAME = AccentColor;
				CODE_SIGN_STYLE = Automatic;
				CURRENT_PROJECT_VERSION = 1;
				DEVELOPMENT_TEAM = VJ7AN5PN54;
				GENERATE_INFOPLIST_FILE = YES;
				INFOPLIST_FILE = ChatSerfodi/Info.plist;
				INFOPLIST_KEY_UIApplicationSupportsIndirectInputEvents = YES;
				INFOPLIST_KEY_UILaunchStoryboardName = LaunchScreen;
				INFOPLIST_KEY_UIRequiresFullScreen = NO;
				INFOPLIST_KEY_UISupportedInterfaceOrientations_iPad = "UIInterfaceOrientationPortrait UIInterfaceOrientationPortraitUpsideDown UIInterfaceOrientationLandscapeLeft UIInterfaceOrientationLandscapeRight";
				INFOPLIST_KEY_UISupportedInterfaceOrientations_iPhone = "UIInterfaceOrientationPortrait UIInterfaceOrientationLandscapeLeft UIInterfaceOrientationLandscapeRight";
				IPHONEOS_DEPLOYMENT_TARGET = 16.0;
				LD_RUNPATH_SEARCH_PATHS = (
					"$(inherited)",
					"@executable_path/Frameworks",
				);
				MARKETING_VERSION = 1.0;
				PRODUCT_BUNDLE_IDENTIFIER = Serfodi.ChatSerfodi;
				PRODUCT_NAME = "$(TARGET_NAME)";
				SWIFT_EMIT_LOC_STRINGS = YES;
				SWIFT_VERSION = 5.0;
				TARGETED_DEVICE_FAMILY = "1,2";
			};
			name = Debug;
		};
		17731EB32AE3E40C006B1511 /* Release */ = {
			isa = XCBuildConfiguration;
			baseConfigurationReference = 2BD248DA56C9F2CBDA3669BE /* Pods-ChatSerfodi.release.xcconfig */;
			buildSettings = {
				ASSETCATALOG_COMPILER_APPICON_NAME = AppIcon;
				ASSETCATALOG_COMPILER_GLOBAL_ACCENT_COLOR_NAME = AccentColor;
				CODE_SIGN_STYLE = Automatic;
				CURRENT_PROJECT_VERSION = 1;
				DEVELOPMENT_TEAM = VJ7AN5PN54;
				GENERATE_INFOPLIST_FILE = YES;
				INFOPLIST_FILE = ChatSerfodi/Info.plist;
				INFOPLIST_KEY_UIApplicationSupportsIndirectInputEvents = YES;
				INFOPLIST_KEY_UILaunchStoryboardName = LaunchScreen;
				INFOPLIST_KEY_UIRequiresFullScreen = NO;
				INFOPLIST_KEY_UISupportedInterfaceOrientations_iPad = "UIInterfaceOrientationPortrait UIInterfaceOrientationPortraitUpsideDown UIInterfaceOrientationLandscapeLeft UIInterfaceOrientationLandscapeRight";
				INFOPLIST_KEY_UISupportedInterfaceOrientations_iPhone = "UIInterfaceOrientationPortrait UIInterfaceOrientationLandscapeLeft UIInterfaceOrientationLandscapeRight";
				IPHONEOS_DEPLOYMENT_TARGET = 16.0;
				LD_RUNPATH_SEARCH_PATHS = (
					"$(inherited)",
					"@executable_path/Frameworks",
				);
				MARKETING_VERSION = 1.0;
				PRODUCT_BUNDLE_IDENTIFIER = Serfodi.ChatSerfodi;
				PRODUCT_NAME = "$(TARGET_NAME)";
				SWIFT_EMIT_LOC_STRINGS = YES;
				SWIFT_VERSION = 5.0;
				TARGETED_DEVICE_FAMILY = "1,2";
			};
			name = Release;
		};
/* End XCBuildConfiguration section */

/* Begin XCConfigurationList section */
		17731E982AE3E406006B1511 /* Build configuration list for PBXProject "ChatSerfodi" */ = {
			isa = XCConfigurationList;
			buildConfigurations = (
				17731EAF2AE3E40C006B1511 /* Debug */,
				17731EB02AE3E40C006B1511 /* Release */,
			);
			defaultConfigurationIsVisible = 0;
			defaultConfigurationName = Release;
		};
		17731EB12AE3E40C006B1511 /* Build configuration list for PBXNativeTarget "ChatSerfodi" */ = {
			isa = XCConfigurationList;
			buildConfigurations = (
				17731EB22AE3E40C006B1511 /* Debug */,
				17731EB32AE3E40C006B1511 /* Release */,
			);
			defaultConfigurationIsVisible = 0;
			defaultConfigurationName = Release;
		};
/* End XCConfigurationList section */

/* Begin XCRemoteSwiftPackageReference section */
		B09186522B2B3F4900965DC1 /* XCRemoteSwiftPackageReference "MessageKit" */ = {
			isa = XCRemoteSwiftPackageReference;
			repositoryURL = "https://github.com/MessageKit/MessageKit";
			requirement = {
				kind = upToNextMajorVersion;
				minimumVersion = 4.0.0;
			};
		};
/* End XCRemoteSwiftPackageReference section */

/* Begin XCSwiftPackageProductDependency section */
		B09186532B2B3F4900965DC1 /* MessageKit */ = {
			isa = XCSwiftPackageProductDependency;
			package = B09186522B2B3F4900965DC1 /* XCRemoteSwiftPackageReference "MessageKit" */;
			productName = MessageKit;
		};
/* End XCSwiftPackageProductDependency section */
	};
	rootObject = 17731E952AE3E406006B1511 /* Project object */;
}
